
Microsoft Visual Studio Solution File, Format Version 12.00
# Visual Studio Version 16
VisualStudioVersion = 16.0.31613.86
MinimumVisualStudioVersion = 10.0.40219.1
Project("{FAE04EC0-301F-11D3-BF4B-00C04F79EFBC}") = "HierarchicalInheritanceDemo", "HierarchicalInheritanceDemo.csproj", "{709A355C-A684-47D0-8C50-618C6AFA408F}"
EndProject
Global
	GlobalSection(SolutionConfigurationPlatforms) = preSolution
		Debug|Any CPU = Debug|Any CPU
		Release|Any CPU = Release|Any CPU
	EndGlobalSection
	GlobalSection(ProjectConfigurationPlatforms) = postSolution
		{709A355C-A684-47D0-8C50-618C6AFA408F}.Debug|Any CPU.ActiveCfg = Debug|Any CPU
		{709A355C-A684-47D0-8C50-618C6AFA408F}.Debug|Any CPU.Build.0 = Debug|Any CPU
		{709A355C-A684-47D0-8C50-618C6AFA408F}.Release|Any CPU.ActiveCfg = Release|Any CPU
		{709A355C-A684-47D0-8C50-618C6AFA408F}.Release|Any CPU.Build.0 = Release|Any CPU
	EndGlobalSection
	GlobalSection(SolutionProperties) = preSolution
		HideSolutionNode = FALSE
	EndGlobalSection
	GlobalSection(ExtensibilityGlobals) = postSolution
		SolutionGuid = {6220DE38-1DDE-4205-B035-05C807334CB4}
	EndGlobalSection
EndGlobal
